// !$*UTF8*$!
{
	archiveVersion = 1;
	classes = {
	};
	objectVersion = 50;
	objects = {

/* Begin PBXBuildFile section */
		BF638FFD2243C71700058858 /* SteinsKit.framework in Frameworks */ = {isa = PBXBuildFile; fileRef = BF638FF32243C71600058858 /* SteinsKit.framework */; };
		BF6390022243C71700058858 /* SteinsKitTests.swift in Sources */ = {isa = PBXBuildFile; fileRef = BF6390012243C71700058858 /* SteinsKitTests.swift */; };
		BF6390042243C71700058858 /* SteinsKit.h in Headers */ = {isa = PBXBuildFile; fileRef = BF638FF62243C71600058858 /* SteinsKit.h */; settings = {ATTRIBUTES = (Public, ); }; };
		BF63900E2243C85000058858 /* Variable.swift in Sources */ = {isa = PBXBuildFile; fileRef = BF63900D2243C85000058858 /* Variable.swift */; };
		BF6390102243C91200058858 /* Observation.swift in Sources */ = {isa = PBXBuildFile; fileRef = BF63900F2243C91200058858 /* Observation.swift */; };
		BF6390122243CBF400058858 /* Observable.swift in Sources */ = {isa = PBXBuildFile; fileRef = BF6390112243CBF400058858 /* Observable.swift */; };
		BF6390142243CF7200058858 /* MappedVariable.swift in Sources */ = {isa = PBXBuildFile; fileRef = BF6390132243CF7200058858 /* MappedVariable.swift */; };
		BF6390162243E4FD00058858 /* ExecutionMethod.swift in Sources */ = {isa = PBXBuildFile; fileRef = BF6390152243E4FD00058858 /* ExecutionMethod.swift */; };
/* End PBXBuildFile section */

/* Begin PBXContainerItemProxy section */
		BF638FFE2243C71700058858 /* PBXContainerItemProxy */ = {
			isa = PBXContainerItemProxy;
			containerPortal = BF638FEA2243C71600058858 /* Project object */;
			proxyType = 1;
			remoteGlobalIDString = BF638FF22243C71600058858;
			remoteInfo = SteinsKit;
		};
/* End PBXContainerItemProxy section */

/* Begin PBXFileReference section */
		BF638FF32243C71600058858 /* SteinsKit.framework */ = {isa = PBXFileReference; explicitFileType = wrapper.framework; includeInIndex = 0; path = SteinsKit.framework; sourceTree = BUILT_PRODUCTS_DIR; };
		BF638FF62243C71600058858 /* SteinsKit.h */ = {isa = PBXFileReference; lastKnownFileType = sourcecode.c.h; path = SteinsKit.h; sourceTree = "<group>"; };
		BF638FF72243C71600058858 /* Info.plist */ = {isa = PBXFileReference; lastKnownFileType = text.plist.xml; path = Info.plist; sourceTree = "<group>"; };
		BF638FFC2243C71700058858 /* SteinsKitTests.xctest */ = {isa = PBXFileReference; explicitFileType = wrapper.cfbundle; includeInIndex = 0; path = SteinsKitTests.xctest; sourceTree = BUILT_PRODUCTS_DIR; };
		BF6390012243C71700058858 /* SteinsKitTests.swift */ = {isa = PBXFileReference; lastKnownFileType = sourcecode.swift; path = SteinsKitTests.swift; sourceTree = "<group>"; };
		BF6390032243C71700058858 /* Info.plist */ = {isa = PBXFileReference; lastKnownFileType = text.plist.xml; path = Info.plist; sourceTree = "<group>"; };
		BF63900D2243C85000058858 /* Variable.swift */ = {isa = PBXFileReference; lastKnownFileType = sourcecode.swift; path = Variable.swift; sourceTree = "<group>"; };
		BF63900F2243C91200058858 /* Observation.swift */ = {isa = PBXFileReference; lastKnownFileType = sourcecode.swift; path = Observation.swift; sourceTree = "<group>"; };
		BF6390112243CBF400058858 /* Observable.swift */ = {isa = PBXFileReference; lastKnownFileType = sourcecode.swift; path = Observable.swift; sourceTree = "<group>"; };
		BF6390132243CF7200058858 /* MappedVariable.swift */ = {isa = PBXFileReference; lastKnownFileType = sourcecode.swift; path = MappedVariable.swift; sourceTree = "<group>"; };
		BF6390152243E4FD00058858 /* ExecutionMethod.swift */ = {isa = PBXFileReference; lastKnownFileType = sourcecode.swift; path = ExecutionMethod.swift; sourceTree = "<group>"; };
/* End PBXFileReference section */

/* Begin PBXFrameworksBuildPhase section */
		BF638FF02243C71600058858 /* Frameworks */ = {
			isa = PBXFrameworksBuildPhase;
			buildActionMask = 2147483647;
			files = (
			);
			runOnlyForDeploymentPostprocessing = 0;
		};
		BF638FF92243C71700058858 /* Frameworks */ = {
			isa = PBXFrameworksBuildPhase;
			buildActionMask = 2147483647;
			files = (
				BF638FFD2243C71700058858 /* SteinsKit.framework in Frameworks */,
			);
			runOnlyForDeploymentPostprocessing = 0;
		};
/* End PBXFrameworksBuildPhase section */

/* Begin PBXGroup section */
		BF638FE92243C71600058858 = {
			isa = PBXGroup;
			children = (
				BF638FF52243C71600058858 /* SteinsKit */,
				BF6390002243C71700058858 /* SteinsKitTests */,
				BF638FF42243C71600058858 /* Products */,
			);
			sourceTree = "<group>";
		};
		BF638FF42243C71600058858 /* Products */ = {
			isa = PBXGroup;
			children = (
				BF638FF32243C71600058858 /* SteinsKit.framework */,
				BF638FFC2243C71700058858 /* SteinsKitTests.xctest */,
			);
			name = Products;
			sourceTree = "<group>";
		};
		BF638FF52243C71600058858 /* SteinsKit */ = {
			isa = PBXGroup;
			children = (
				BF638FF62243C71600058858 /* SteinsKit.h */,
				BF638FF72243C71600058858 /* Info.plist */,
				BF7FE1402244AF8C00FB4A20 /* Observations */,
				BF7FE1412244AFBA00FB4A20 /* Variables */,
			);
			path = SteinsKit;
			sourceTree = "<group>";
		};
		BF6390002243C71700058858 /* SteinsKitTests */ = {
			isa = PBXGroup;
			children = (
				BF6390012243C71700058858 /* SteinsKitTests.swift */,
				BF6390032243C71700058858 /* Info.plist */,
			);
			path = SteinsKitTests;
			sourceTree = "<group>";
		};
		BF7FE1402244AF8C00FB4A20 /* Observations */ = {
			isa = PBXGroup;
			children = (
				BF6390112243CBF400058858 /* Observable.swift */,
				BF63900F2243C91200058858 /* Observation.swift */,
				BF6390152243E4FD00058858 /* ExecutionMethod.swift */,
			);
			path = Observations;
			sourceTree = "<group>";
		};
		BF7FE1412244AFBA00FB4A20 /* Variables */ = {
			isa = PBXGroup;
			children = (
				BF63900D2243C85000058858 /* Variable.swift */,
				BF6390132243CF7200058858 /* MappedVariable.swift */,
			);
			path = Variables;
			sourceTree = "<group>";
		};
/* End PBXGroup section */

/* Begin PBXHeadersBuildPhase section */
		BF638FEE2243C71600058858 /* Headers */ = {
			isa = PBXHeadersBuildPhase;
			buildActionMask = 2147483647;
			files = (
				BF6390042243C71700058858 /* SteinsKit.h in Headers */,
			);
			runOnlyForDeploymentPostprocessing = 0;
		};
/* End PBXHeadersBuildPhase section */

/* Begin PBXNativeTarget section */
		BF638FF22243C71600058858 /* SteinsKit */ = {
			isa = PBXNativeTarget;
			buildConfigurationList = BF6390072243C71700058858 /* Build configuration list for PBXNativeTarget "SteinsKit" */;
			buildPhases = (
				BF638FEE2243C71600058858 /* Headers */,
				BF638FEF2243C71600058858 /* Sources */,
				BF638FF02243C71600058858 /* Frameworks */,
				BF638FF12243C71600058858 /* Resources */,
			);
			buildRules = (
			);
			dependencies = (
			);
			name = SteinsKit;
			productName = SteinsKit;
			productReference = BF638FF32243C71600058858 /* SteinsKit.framework */;
			productType = "com.apple.product-type.framework";
		};
		BF638FFB2243C71700058858 /* SteinsKitTests */ = {
			isa = PBXNativeTarget;
			buildConfigurationList = BF63900A2243C71700058858 /* Build configuration list for PBXNativeTarget "SteinsKitTests" */;
			buildPhases = (
				BF638FF82243C71700058858 /* Sources */,
				BF638FF92243C71700058858 /* Frameworks */,
				BF638FFA2243C71700058858 /* Resources */,
			);
			buildRules = (
			);
			dependencies = (
				BF638FFF2243C71700058858 /* PBXTargetDependency */,
			);
			name = SteinsKitTests;
			productName = SteinsKitTests;
			productReference = BF638FFC2243C71700058858 /* SteinsKitTests.xctest */;
			productType = "com.apple.product-type.bundle.unit-test";
		};
/* End PBXNativeTarget section */

/* Begin PBXProject section */
		BF638FEA2243C71600058858 /* Project object */ = {
			isa = PBXProject;
			attributes = {
				LastSwiftUpdateCheck = 1010;
				LastUpgradeCheck = 1010;
				ORGANIZATIONNAME = Crazism;
				TargetAttributes = {
					BF638FF22243C71600058858 = {
						CreatedOnToolsVersion = 10.1;
						LastSwiftMigration = 1010;
					};
					BF638FFB2243C71700058858 = {
						CreatedOnToolsVersion = 10.1;
					};
				};
			};
			buildConfigurationList = BF638FED2243C71600058858 /* Build configuration list for PBXProject "SteinsKit" */;
			compatibilityVersion = "Xcode 9.3";
			developmentRegion = en;
			hasScannedForEncodings = 0;
			knownRegions = (
				en,
			);
			mainGroup = BF638FE92243C71600058858;
			productRefGroup = BF638FF42243C71600058858 /* Products */;
			projectDirPath = "";
			projectRoot = "";
			targets = (
				BF638FF22243C71600058858 /* SteinsKit */,
				BF638FFB2243C71700058858 /* SteinsKitTests */,
			);
		};
/* End PBXProject section */

/* Begin PBXResourcesBuildPhase section */
		BF638FF12243C71600058858 /* Resources */ = {
			isa = PBXResourcesBuildPhase;
			buildActionMask = 2147483647;
			files = (
			);
			runOnlyForDeploymentPostprocessing = 0;
		};
		BF638FFA2243C71700058858 /* Resources */ = {
			isa = PBXResourcesBuildPhase;
			buildActionMask = 2147483647;
			files = (
			);
			runOnlyForDeploymentPostprocessing = 0;
		};
/* End PBXResourcesBuildPhase section */

/* Begin PBXSourcesBuildPhase section */
		BF638FEF2243C71600058858 /* Sources */ = {
			isa = PBXSourcesBuildPhase;
			buildActionMask = 2147483647;
			files = (
				BF6390142243CF7200058858 /* MappedVariable.swift in Sources */,
				BF6390102243C91200058858 /* Observation.swift in Sources */,
				BF6390162243E4FD00058858 /* ExecutionMethod.swift in Sources */,
				BF6390122243CBF400058858 /* Observable.swift in Sources */,
				BF63900E2243C85000058858 /* Variable.swift in Sources */,
			);
			runOnlyForDeploymentPostprocessing = 0;
		};
		BF638FF82243C71700058858 /* Sources */ = {
			isa = PBXSourcesBuildPhase;
			buildActionMask = 2147483647;
			files = (
				BF6390022243C71700058858 /* SteinsKitTests.swift in Sources */,
			);
			runOnlyForDeploymentPostprocessing = 0;
		};
/* End PBXSourcesBuildPhase section */

/* Begin PBXTargetDependency section */
		BF638FFF2243C71700058858 /* PBXTargetDependency */ = {
			isa = PBXTargetDependency;
			target = BF638FF22243C71600058858 /* SteinsKit */;
			targetProxy = BF638FFE2243C71700058858 /* PBXContainerItemProxy */;
		};
/* End PBXTargetDependency section */

/* Begin XCBuildConfiguration section */
		BF6390052243C71700058858 /* Debug */ = {
			isa = XCBuildConfiguration;
			buildSettings = {
				ALWAYS_SEARCH_USER_PATHS = NO;
				CLANG_ANALYZER_NONNULL = YES;
				CLANG_ANALYZER_NUMBER_OBJECT_CONVERSION = YES_AGGRESSIVE;
				CLANG_CXX_LANGUAGE_STANDARD = "gnu++14";
				CLANG_CXX_LIBRARY = "libc++";
				CLANG_ENABLE_MODULES = YES;
				CLANG_ENABLE_OBJC_ARC = YES;
				CLANG_ENABLE_OBJC_WEAK = YES;
				CLANG_WARN_BLOCK_CAPTURE_AUTORELEASING = YES;
				CLANG_WARN_BOOL_CONVERSION = YES;
				CLANG_WARN_COMMA = YES;
				CLANG_WARN_CONSTANT_CONVERSION = YES;
				CLANG_WARN_DEPRECATED_OBJC_IMPLEMENTATIONS = YES;
				CLANG_WARN_DIRECT_OBJC_ISA_USAGE = YES_ERROR;
				CLANG_WARN_DOCUMENTATION_COMMENTS = YES;
				CLANG_WARN_EMPTY_BODY = YES;
				CLANG_WARN_ENUM_CONVERSION = YES;
				CLANG_WARN_INFINITE_RECURSION = YES;
				CLANG_WARN_INT_CONVERSION = YES;
				CLANG_WARN_NON_LITERAL_NULL_CONVERSION = YES;
				CLANG_WARN_OBJC_IMPLICIT_RETAIN_SELF = YES;
				CLANG_WARN_OBJC_LITERAL_CONVERSION = YES;
				CLANG_WARN_OBJC_ROOT_CLASS = YES_ERROR;
				CLANG_WARN_RANGE_LOOP_ANALYSIS = YES;
				CLANG_WARN_STRICT_PROTOTYPES = YES;
				CLANG_WARN_SUSPICIOUS_MOVE = YES;
				CLANG_WARN_UNGUARDED_AVAILABILITY = YES_AGGRESSIVE;
				CLANG_WARN_UNREACHABLE_CODE = YES;
				CLANG_WARN__DUPLICATE_METHOD_MATCH = YES;
				CODE_SIGN_IDENTITY = "iPhone Developer";
				COPY_PHASE_STRIP = NO;
				CURRENT_PROJECT_VERSION = 1;
				DEBUG_INFORMATION_FORMAT = dwarf;
				ENABLE_STRICT_OBJC_MSGSEND = YES;
				ENABLE_TESTABILITY = YES;
				GCC_C_LANGUAGE_STANDARD = gnu11;
				GCC_DYNAMIC_NO_PIC = NO;
				GCC_NO_COMMON_BLOCKS = YES;
				GCC_OPTIMIZATION_LEVEL = 0;
				GCC_PREPROCESSOR_DEFINITIONS = (
					"DEBUG=1",
					"$(inherited)",
				);
				GCC_WARN_64_TO_32_BIT_CONVERSION = YES;
				GCC_WARN_ABOUT_RETURN_TYPE = YES_ERROR;
				GCC_WARN_UNDECLARED_SELECTOR = YES;
				GCC_WARN_UNINITIALIZED_AUTOS = YES_AGGRESSIVE;
				GCC_WARN_UNUSED_FUNCTION = YES;
				GCC_WARN_UNUSED_VARIABLE = YES;
				IPHONEOS_DEPLOYMENT_TARGET = 12.1;
				MTL_ENABLE_DEBUG_INFO = INCLUDE_SOURCE;
				MTL_FAST_MATH = YES;
				ONLY_ACTIVE_ARCH = YES;
				SDKROOT = iphoneos;
				SWIFT_ACTIVE_COMPILATION_CONDITIONS = DEBUG;
				SWIFT_OPTIMIZATION_LEVEL = "-Onone";
				VERSIONING_SYSTEM = "apple-generic";
				VERSION_INFO_PREFIX = "";
			};
			name = Debug;
		};
		BF6390062243C71700058858 /* Release */ = {
			isa = XCBuildConfiguration;
			buildSettings = {
				ALWAYS_SEARCH_USER_PATHS = NO;
				CLANG_ANALYZER_NONNULL = YES;
				CLANG_ANALYZER_NUMBER_OBJECT_CONVERSION = YES_AGGRESSIVE;
				CLANG_CXX_LANGUAGE_STANDARD = "gnu++14";
				CLANG_CXX_LIBRARY = "libc++";
				CLANG_ENABLE_MODULES = YES;
				CLANG_ENABLE_OBJC_ARC = YES;
				CLANG_ENABLE_OBJC_WEAK = YES;
				CLANG_WARN_BLOCK_CAPTURE_AUTORELEASING = YES;
				CLANG_WARN_BOOL_CONVERSION = YES;
				CLANG_WARN_COMMA = YES;
				CLANG_WARN_CONSTANT_CONVERSION = YES;
				CLANG_WARN_DEPRECATED_OBJC_IMPLEMENTATIONS = YES;
				CLANG_WARN_DIRECT_OBJC_ISA_USAGE = YES_ERROR;
				CLANG_WARN_DOCUMENTATION_COMMENTS = YES;
				CLANG_WARN_EMPTY_BODY = YES;
				CLANG_WARN_ENUM_CONVERSION = YES;
				CLANG_WARN_INFINITE_RECURSION = YES;
				CLANG_WARN_INT_CONVERSION = YES;
				CLANG_WARN_NON_LITERAL_NULL_CONVERSION = YES;
				CLANG_WARN_OBJC_IMPLICIT_RETAIN_SELF = YES;
				CLANG_WARN_OBJC_LITERAL_CONVERSION = YES;
				CLANG_WARN_OBJC_ROOT_CLASS = YES_ERROR;
				CLANG_WARN_RANGE_LOOP_ANALYSIS = YES;
				CLANG_WARN_STRICT_PROTOTYPES = YES;
				CLANG_WARN_SUSPICIOUS_MOVE = YES;
				CLANG_WARN_UNGUARDED_AVAILABILITY = YES_AGGRESSIVE;
				CLANG_WARN_UNREACHABLE_CODE = YES;
				CLANG_WARN__DUPLICATE_METHOD_MATCH = YES;
				CODE_SIGN_IDENTITY = "iPhone Developer";
				COPY_PHASE_STRIP = NO;
				CURRENT_PROJECT_VERSION = 1;
				DEBUG_INFORMATION_FORMAT = "dwarf-with-dsym";
				ENABLE_NS_ASSERTIONS = NO;
				ENABLE_STRICT_OBJC_MSGSEND = YES;
				GCC_C_LANGUAGE_STANDARD = gnu11;
				GCC_NO_COMMON_BLOCKS = YES;
				GCC_WARN_64_TO_32_BIT_CONVERSION = YES;
				GCC_WARN_ABOUT_RETURN_TYPE = YES_ERROR;
				GCC_WARN_UNDECLARED_SELECTOR = YES;
				GCC_WARN_UNINITIALIZED_AUTOS = YES_AGGRESSIVE;
				GCC_WARN_UNUSED_FUNCTION = YES;
				GCC_WARN_UNUSED_VARIABLE = YES;
				IPHONEOS_DEPLOYMENT_TARGET = 12.1;
				MTL_ENABLE_DEBUG_INFO = NO;
				MTL_FAST_MATH = YES;
				SDKROOT = iphoneos;
				SWIFT_COMPILATION_MODE = wholemodule;
				SWIFT_OPTIMIZATION_LEVEL = "-O";
				VALIDATE_PRODUCT = YES;
				VERSIONING_SYSTEM = "apple-generic";
				VERSION_INFO_PREFIX = "";
			};
			name = Release;
		};
		BF6390082243C71700058858 /* Debug */ = {
			isa = XCBuildConfiguration;
			buildSettings = {
				CODE_SIGN_IDENTITY = "";
				CODE_SIGN_STYLE = Automatic;
				DEFINES_MODULE = YES;
				DEVELOPMENT_TEAM = KC8N9BMQJY;
				DYLIB_COMPATIBILITY_VERSION = 1;
				DYLIB_CURRENT_VERSION = 1;
				DYLIB_INSTALL_NAME_BASE = "@rpath";
				INFOPLIST_FILE = SteinsKit/Info.plist;
				INSTALL_PATH = "$(LOCAL_LIBRARY_DIR)/Frameworks";
				LD_RUNPATH_SEARCH_PATHS = (
					"$(inherited)",
					"@executable_path/Frameworks",
					"@loader_path/Frameworks",
				);
				PRODUCT_BUNDLE_IDENTIFIER = net.crazism.SteinsKit;
				PRODUCT_NAME = "$(TARGET_NAME:c99extidentifier)";
				SKIP_INSTALL = YES;
				SWIFT_OPTIMIZATION_LEVEL = "-Onone";
				SWIFT_VERSION = 4.2;
				TARGETED_DEVICE_FAMILY = "1,2";
			};
			name = Debug;
		};
		BF6390092243C71700058858 /* Release */ = {
			isa = XCBuildConfiguration;
			buildSettings = {
				CODE_SIGN_IDENTITY = "";
				CODE_SIGN_STYLE = Automatic;
				DEFINES_MODULE = YES;
				DEVELOPMENT_TEAM = KC8N9BMQJY;
				DYLIB_COMPATIBILITY_VERSION = 1;
				DYLIB_CURRENT_VERSION = 1;
				DYLIB_INSTALL_NAME_BASE = "@rpath";
				INFOPLIST_FILE = SteinsKit/Info.plist;
				INSTALL_PATH = "$(LOCAL_LIBRARY_DIR)/Frameworks";
				LD_RUNPATH_SEARCH_PATHS = (
					"$(inherited)",
					"@executable_path/Frameworks",
					"@loader_path/Frameworks",
				);
				PRODUCT_BUNDLE_IDENTIFIER = net.crazism.SteinsKit;
				PRODUCT_NAME = "$(TARGET_NAME:c99extidentifier)";
				SKIP_INSTALL = YES;
				SWIFT_VERSION = 4.2;
				TARGETED_DEVICE_FAMILY = "1,2";
			};
			name = Release;
		};
		BF63900B2243C71700058858 /* Debug */ = {
			isa = XCBuildConfiguration;
			buildSettings = {
				ALWAYS_EMBED_SWIFT_STANDARD_LIBRARIES = YES;
				CODE_SIGN_STYLE = Automatic;
				DEVELOPMENT_TEAM = KC8N9BMQJY;
				INFOPLIST_FILE = SteinsKitTests/Info.plist;
				LD_RUNPATH_SEARCH_PATHS = (
					"$(inherited)",
					"@executable_path/Frameworks",
					"@loader_path/Frameworks",
				);
				PRODUCT_BUNDLE_IDENTIFIER = net.crazism.SteinsKitTests;
				PRODUCT_NAME = "$(TARGET_NAME)";
				SWIFT_VERSION = 4.2;
				TARGETED_DEVICE_FAMILY = "1,2";
			};
			name = Debug;
		};
		BF63900C2243C71700058858 /* Release */ = {
			isa = XCBuildConfiguration;
			buildSettings = {
				ALWAYS_EMBED_SWIFT_STANDARD_LIBRARIES = YES;
				CODE_SIGN_STYLE = Automatic;
				DEVELOPMENT_TEAM = KC8N9BMQJY;
				INFOPLIST_FILE = SteinsKitTests/Info.plist;
				LD_RUNPATH_SEARCH_PATHS = (
					"$(inherited)",
					"@executable_path/Frameworks",
					"@loader_path/Frameworks",
				);
				PRODUCT_BUNDLE_IDENTIFIER = net.crazism.SteinsKitTests;
				PRODUCT_NAME = "$(TARGET_NAME)";
				SWIFT_VERSION = 4.2;
				TARGETED_DEVICE_FAMILY = "1,2";
			};
			name = Release;
		};
/* End XCBuildConfiguration section */

/* Begin XCConfigurationList section */
		BF638FED2243C71600058858 /* Build configuration list for PBXProject "SteinsKit" */ = {
			isa = XCConfigurationList;
			buildConfigurations = (
				BF6390052243C71700058858 /* Debug */,
				BF6390062243C71700058858 /* Release */,
			);
			defaultConfigurationIsVisible = 0;
			defaultConfigurationName = Release;
		};
		BF6390072243C71700058858 /* Build configuration list for PBXNativeTarget "SteinsKit" */ = {
			isa = XCConfigurationList;
			buildConfigurations = (
				BF6390082243C71700058858 /* Debug */,
				BF6390092243C71700058858 /* Release */,
			);
			defaultConfigurationIsVisible = 0;
			defaultConfigurationName = Release;
		};
		BF63900A2243C71700058858 /* Build configuration list for PBXNativeTarget "SteinsKitTests" */ = {
			isa = XCConfigurationList;
			buildConfigurations = (
				BF63900B2243C71700058858 /* Debug */,
				BF63900C2243C71700058858 /* Release */,
			);
			defaultConfigurationIsVisible = 0;
			defaultConfigurationName = Release;
		};
/* End XCConfigurationList section */
	};
	rootObject = BF638FEA2243C71600058858 /* Project object */;
}
